
Microsoft Visual Studio Solution File, Format Version 12.00
# Visual Studio 15
VisualStudioVersion = 15.0.27703.2042
MinimumVisualStudioVersion = 10.0.40219.1
Project("{FAE04EC0-301F-11D3-BF4B-00C04F79EFBC}") = "Classifier", "Classifier\Classifier.csproj", "{72A4A857-DC28-46AC-BB9C-06EB9C59CED1}"
EndProject
Project("{FAE04EC0-301F-11D3-BF4B-00C04F79EFBC}") = "RegExTest", "..\RegExTest\RegExTest\RegExTest.csproj", "{A63BA249-3C36-42A9-A931-64E25A5796D7}"
EndProject
Project("{FAE04EC0-301F-11D3-BF4B-00C04F79EFBC}") = "DBMananger", "DBMananger\DBMananger.csproj", "{6CAE72DB-F1B6-4E5F-9F4D-A236A34689ED}"
EndProject
Project("{888888A0-9F3D-457C-B088-3A5042F75D52}") = "IronPythonCalcs", "IronPythonCalcs\IronPythonCalcs.pyproj", "{2418827C-96B9-495E-9CAA-368A0022AF6F}"
EndProject
Project("{2150E333-8FDC-42A3-9474-1A3956D46DE8}") = "Tests", "Tests", "{E93C8339-79C1-418B-A3C4-8C44506FB37B}"
EndProject
Project("{FAE04EC0-301F-11D3-BF4B-00C04F79EFBC}") = "Classifier.Tests", "Classifier.Tests\Classifier.Tests.csproj", "{62FB337E-1102-4276-B0D8-62758AA5B211}"
EndProject
Project("{FAE04EC0-301F-11D3-BF4B-00C04F79EFBC}") = "MapInfoWrap", "MapInfoWrap\MapInfoWrap.csproj", "{4427A9A4-9885-4BB9-87E8-01355083C68B}"
EndProject
Project("{2150E333-8FDC-42A3-9474-1A3956D46DE8}") = "Solution Items", "Solution Items", "{CCB1758D-DDA8-4B24-882C-283FB9EF3BCD}"
	ProjectSection(SolutionItems) = preProject
		TestSettings.testsettings = TestSettings.testsettings
	EndProjectSection
EndProject
Project("{FAE04EC0-301F-11D3-BF4B-00C04F79EFBC}") = "Core", "Core\Core.csproj", "{5645EA9C-DFAF-4CA5-82A7-36C327BD9E11}"
EndProject
Project("{FAE04EC0-301F-11D3-BF4B-00C04F79EFBC}") = "ClassifierGUI", "ClassifierGUI\ClassifierGUI.csproj", "{D20EBB4C-5399-43C6-8F75-C72F31EF16B6}"
EndProject
Global
	GlobalSection(SolutionConfigurationPlatforms) = preSolution
		Debug|Any CPU = Debug|Any CPU
		Release|Any CPU = Release|Any CPU
	EndGlobalSection
	GlobalSection(ProjectConfigurationPlatforms) = postSolution
		{72A4A857-DC28-46AC-BB9C-06EB9C59CED1}.Debug|Any CPU.ActiveCfg = Debug|Any CPU
		{72A4A857-DC28-46AC-BB9C-06EB9C59CED1}.Debug|Any CPU.Build.0 = Debug|Any CPU
		{72A4A857-DC28-46AC-BB9C-06EB9C59CED1}.Release|Any CPU.ActiveCfg = Release|Any CPU
		{72A4A857-DC28-46AC-BB9C-06EB9C59CED1}.Release|Any CPU.Build.0 = Release|Any CPU
		{A63BA249-3C36-42A9-A931-64E25A5796D7}.Debug|Any CPU.ActiveCfg = Debug|Any CPU
		{A63BA249-3C36-42A9-A931-64E25A5796D7}.Debug|Any CPU.Build.0 = Debug|Any CPU
		{A63BA249-3C36-42A9-A931-64E25A5796D7}.Release|Any CPU.ActiveCfg = Release|Any CPU
		{A63BA249-3C36-42A9-A931-64E25A5796D7}.Release|Any CPU.Build.0 = Release|Any CPU
		{6CAE72DB-F1B6-4E5F-9F4D-A236A34689ED}.Debug|Any CPU.ActiveCfg = Debug|Any CPU
		{6CAE72DB-F1B6-4E5F-9F4D-A236A34689ED}.Debug|Any CPU.Build.0 = Debug|Any CPU
		{6CAE72DB-F1B6-4E5F-9F4D-A236A34689ED}.Release|Any CPU.ActiveCfg = Release|Any CPU
		{6CAE72DB-F1B6-4E5F-9F4D-A236A34689ED}.Release|Any CPU.Build.0 = Release|Any CPU
		{2418827C-96B9-495E-9CAA-368A0022AF6F}.Debug|Any CPU.ActiveCfg = Debug|Any CPU
		{2418827C-96B9-495E-9CAA-368A0022AF6F}.Release|Any CPU.ActiveCfg = Release|Any CPU
		{62FB337E-1102-4276-B0D8-62758AA5B211}.Debug|Any CPU.ActiveCfg = Debug|Any CPU
		{62FB337E-1102-4276-B0D8-62758AA5B211}.Debug|Any CPU.Build.0 = Debug|Any CPU
		{62FB337E-1102-4276-B0D8-62758AA5B211}.Release|Any CPU.ActiveCfg = Release|Any CPU
		{62FB337E-1102-4276-B0D8-62758AA5B211}.Release|Any CPU.Build.0 = Release|Any CPU
		{4427A9A4-9885-4BB9-87E8-01355083C68B}.Debug|Any CPU.ActiveCfg = Debug|Any CPU
		{4427A9A4-9885-4BB9-87E8-01355083C68B}.Debug|Any CPU.Build.0 = Debug|Any CPU
		{4427A9A4-9885-4BB9-87E8-01355083C68B}.Release|Any CPU.ActiveCfg = Release|Any CPU
		{4427A9A4-9885-4BB9-87E8-01355083C68B}.Release|Any CPU.Build.0 = Release|Any CPU
		{5645EA9C-DFAF-4CA5-82A7-36C327BD9E11}.Debug|Any CPU.ActiveCfg = Debug|Any CPU
		{5645EA9C-DFAF-4CA5-82A7-36C327BD9E11}.Debug|Any CPU.Build.0 = Debug|Any CPU
		{5645EA9C-DFAF-4CA5-82A7-36C327BD9E11}.Release|Any CPU.ActiveCfg = Release|Any CPU
		{5645EA9C-DFAF-4CA5-82A7-36C327BD9E11}.Release|Any CPU.Build.0 = Release|Any CPU
		{D20EBB4C-5399-43C6-8F75-C72F31EF16B6}.Debug|Any CPU.ActiveCfg = Debug|Any CPU
		{D20EBB4C-5399-43C6-8F75-C72F31EF16B6}.Debug|Any CPU.Build.0 = Debug|Any CPU
		{D20EBB4C-5399-43C6-8F75-C72F31EF16B6}.Release|Any CPU.ActiveCfg = Release|Any CPU
		{D20EBB4C-5399-43C6-8F75-C72F31EF16B6}.Release|Any CPU.Build.0 = Release|Any CPU
	EndGlobalSection
	GlobalSection(SolutionProperties) = preSolution
		HideSolutionNode = FALSE
	EndGlobalSection
	GlobalSection(NestedProjects) = preSolution
		{62FB337E-1102-4276-B0D8-62758AA5B211} = {E93C8339-79C1-418B-A3C4-8C44506FB37B}
	EndGlobalSection
	GlobalSection(ExtensibilityGlobals) = postSolution
		SolutionGuid = {EF1B6E62-270C-4C30-92AF-D3C539D6746C}
	EndGlobalSection
	GlobalSection(Performance) = preSolution
		HasPerformanceSessions = true
	EndGlobalSection
	GlobalSection(Performance) = preSolution
		HasPerformanceSessions = true
	EndGlobalSection
EndGlobal
